# generated by rye
# use `rye lock` or `rye sync` to update this lockfile
#
# last locked with the following flags:
#   pre: false
#   features: []
#   all-features: false
#   with-sources: false
#   generate-hashes: false
#   universal: false

-e file:.
aiohappyeyeballs==2.4.0
    # via aiohttp
aiohttp==3.10.5
    # via langchain
    # via langchain-community
aiosignal==1.3.1
    # via aiohttp
annotated-types==0.7.0
    # via pydantic
anyio==4.4.0
    # via httpx
    # via jupyter-server
    # via openai
    # via starlette
    # via watchfiles
argon2-cffi==23.1.0
    # via jupyter-server
argon2-cffi-bindings==21.2.0
    # via argon2-cffi
arrow==1.3.0
    # via isoduration
asgiref==3.8.1
    # via opentelemetry-instrumentation-asgi
asttokens==2.4.1
    # via stack-data
async-lru==2.0.4
    # via jupyterlab
attrs==24.2.0
    # via aiohttp
    # via jsonschema
    # via referencing
babel==2.16.0
    # via jupyterlab-server
backoff==2.2.1
    # via posthog
bcrypt==4.2.0
    # via chromadb
beautifulsoup4==4.12.3
    # via nbconvert
betterpath==0.2.2
    # via l
bleach==6.1.0
    # via nbconvert
build==1.2.2
    # via chromadb
cachetools==5.5.0
    # via google-auth
certifi==2024.8.30
    # via httpcore
    # via httpx
    # via kubernetes
    # via requests
cffi==1.17.1
    # via argon2-cffi-bindings
charset-normalizer==3.3.2
    # via requests
chroma-hnswlib==0.7.6
    # via chromadb
chromadb==0.5.7
    # via langchain-chroma
    # via rag-langchain
click==8.1.7
    # via l
    # via typer
    # via uvicorn
colorama==0.4.6
    # via build
    # via click
    # via ipython
    # via tqdm
    # via uvicorn
coloredlogs==15.0.1
    # via onnxruntime
comm==0.2.2
    # via ipykernel
    # via ipywidgets
contourpy==1.3.0
    # via matplotlib
cycler==0.12.1
    # via matplotlib
dataclasses-json==0.6.7
    # via langchain-community
debugpy==1.8.5
    # via ipykernel
decorator==5.1.1
    # via ipython
defusedxml==0.7.1
    # via nbconvert
deprecated==1.2.14
    # via opentelemetry-api
    # via opentelemetry-exporter-otlp-proto-grpc
    # via opentelemetry-semantic-conventions
distro==1.9.0
    # via openai
executing==2.1.0
    # via stack-data
fastapi==0.115.0
    # via chromadb
    # via langchain-chroma
fastjsonschema==2.20.0
    # via nbformat
filelock==3.16.1
    # via huggingface-hub
flatbuffers==24.3.25
    # via onnxruntime
fonttools==4.53.1
    # via matplotlib
fqdn==1.5.1
    # via jsonschema
frozenlist==1.4.1
    # via aiohttp
    # via aiosignal
fsspec==2024.9.0
    # via huggingface-hub
gitdb==4.0.11
    # via gitpython
gitpython==3.1.43
    # via rag-langchain
google-auth==2.34.0
    # via kubernetes
googleapis-common-protos==1.65.0
    # via opentelemetry-exporter-otlp-proto-grpc
greenlet==3.1.0
    # via sqlalchemy
grpcio==1.66.1
    # via chromadb
    # via opentelemetry-exporter-otlp-proto-grpc
h11==0.14.0
    # via httpcore
    # via uvicorn
httpcore==1.0.5
    # via httpx
httptools==0.6.1
    # via uvicorn
httpx==0.27.2
    # via chromadb
    # via jupyterlab
    # via langsmith
    # via openai
    # via tavily-python
huggingface-hub==0.25.0
    # via tokenizers
humanfriendly==10.0
    # via coloredlogs
idna==3.10
    # via anyio
    # via httpx
    # via jsonschema
    # via requests
    # via yarl
importlib-metadata==8.4.0
    # via opentelemetry-api
importlib-resources==6.4.5
    # via chromadb
ipykernel==6.29.5
    # via jupyter
    # via jupyter-console
    # via jupyterlab
    # via rag-langchain
ipynb==0.5.1
    # via rag-langchain
ipython==8.27.0
    # via ipykernel
    # via ipywidgets
    # via jupyter-console
ipywidgets==8.1.5
    # via jupyter
isoduration==20.11.0
    # via jsonschema
jedi==0.19.1
    # via ipython
jinja2==3.1.4
    # via jupyter-server
    # via jupyterlab
    # via jupyterlab-server
    # via nbconvert
jiter==0.5.0
    # via openai
json5==0.9.25
    # via jupyterlab-server
jsonpatch==1.33
    # via langchain-core
jsonpointer==3.0.0
    # via jsonpatch
    # via jsonschema
jsonschema==4.23.0
    # via jupyter-events
    # via jupyterlab-server
    # via nbformat
jsonschema-specifications==2023.12.1
    # via jsonschema
jupyter==1.1.1
    # via rag-langchain
jupyter-client==8.6.3
    # via ipykernel
    # via jupyter-console
    # via jupyter-server
    # via nbclient
jupyter-console==6.6.3
    # via jupyter
jupyter-core==5.7.2
    # via ipykernel
    # via jupyter-client
    # via jupyter-console
    # via jupyter-server
    # via jupyterlab
    # via nbclient
    # via nbconvert
    # via nbformat
jupyter-events==0.10.0
    # via jupyter-server
jupyter-lsp==2.2.5
    # via jupyterlab
jupyter-server==2.14.2
    # via jupyter-lsp
    # via jupyterlab
    # via jupyterlab-server
    # via notebook
    # via notebook-shim
    # via rag-langchain
jupyter-server-terminals==0.5.3
    # via jupyter-server
jupyterlab==4.2.5
    # via jupyter
    # via notebook
    # via rag-langchain
jupyterlab-pygments==0.3.0
    # via nbconvert
    # via rag-langchain
jupyterlab-server==2.27.3
    # via jupyterlab
    # via notebook
jupyterlab-widgets==3.0.13
    # via ipywidgets
    # via rag-langchain
kiwisolver==1.4.7
    # via matplotlib
kubernetes==30.1.0
    # via chromadb
l==0.11.0
    # via rag-langchain
langchain==0.3.0
    # via langchain-community
    # via rag-langchain
langchain-chroma==0.1.4
    # via rag-langchain
langchain-community==0.3.0
    # via rag-langchain
langchain-core==0.3.1
    # via langchain
    # via langchain-chroma
    # via langchain-community
    # via langchain-openai
    # via langchain-text-splitters
    # via langgraph
    # via langgraph-checkpoint
langchain-openai==0.2.0
    # via rag-langchain
langchain-text-splitters==0.3.0
    # via langchain
langgraph==0.2.22
    # via rag-langchain
langgraph-checkpoint==1.0.10
    # via langgraph
langsmith==0.1.121
    # via langchain
    # via langchain-community
    # via langchain-core
loadotenv==1.0.1
    # via rag-langchain
markdown-it-py==3.0.0
    # via rich
markupsafe==2.1.5
    # via jinja2
    # via nbconvert
marshmallow==3.22.0
    # via dataclasses-json
matplotlib==3.9.2
    # via rag-langchain
matplotlib-inline==0.1.7
    # via ipykernel
    # via ipython
mdurl==0.1.2
    # via markdown-it-py
mistune==3.0.2
    # via nbconvert
mmh3==5.0.0
    # via chromadb
monotonic==1.6
    # via posthog
mpmath==1.3.0
    # via sympy
msgpack==1.1.0
    # via langgraph-checkpoint
multidict==6.1.0
    # via aiohttp
    # via yarl
mypy-extensions==1.0.0
    # via typing-inspect
nbclient==0.10.0
    # via nbconvert
nbconvert==7.16.4
    # via jupyter
    # via jupyter-server
nbformat==5.10.4
    # via jupyter-server
    # via nbclient
    # via nbconvert
nest-asyncio==1.6.0
    # via ipykernel
networkx==3.3
    # via rag-langchain
notebook==7.2.2
    # via jupyter
notebook-shim==0.2.4
    # via jupyterlab
    # via notebook
numpy==1.26.4
    # via chroma-hnswlib
    # via chromadb
    # via contourpy
    # via langchain
    # via langchain-chroma
    # via langchain-community
    # via matplotlib
    # via onnxruntime
oauthlib==3.2.2
    # via kubernetes
    # via requests-oauthlib
onnxruntime==1.19.2
    # via chromadb
openai==1.46.0
    # via langchain-openai
opentelemetry-api==1.27.0
    # via chromadb
    # via opentelemetry-exporter-otlp-proto-grpc
    # via opentelemetry-instrumentation
    # via opentelemetry-instrumentation-asgi
    # via opentelemetry-instrumentation-fastapi
    # via opentelemetry-sdk
    # via opentelemetry-semantic-conventions
opentelemetry-exporter-otlp-proto-common==1.27.0
    # via opentelemetry-exporter-otlp-proto-grpc
opentelemetry-exporter-otlp-proto-grpc==1.27.0
    # via chromadb
opentelemetry-instrumentation==0.48b0
    # via opentelemetry-instrumentation-asgi
    # via opentelemetry-instrumentation-fastapi
opentelemetry-instrumentation-asgi==0.48b0
    # via opentelemetry-instrumentation-fastapi
opentelemetry-instrumentation-fastapi==0.48b0
    # via chromadb
opentelemetry-proto==1.27.0
    # via opentelemetry-exporter-otlp-proto-common
    # via opentelemetry-exporter-otlp-proto-grpc
opentelemetry-sdk==1.27.0
    # via chromadb
    # via opentelemetry-exporter-otlp-proto-grpc
opentelemetry-semantic-conventions==0.48b0
    # via opentelemetry-instrumentation-asgi
    # via opentelemetry-instrumentation-fastapi
    # via opentelemetry-sdk
opentelemetry-util-http==0.48b0
    # via opentelemetry-instrumentation-asgi
    # via opentelemetry-instrumentation-fastapi
orjson==3.10.7
    # via chromadb
    # via langsmith
overrides==7.7.0
    # via chromadb
    # via jupyter-server
packaging==24.1
    # via build
    # via huggingface-hub
    # via ipykernel
    # via jupyter-server
    # via jupyterlab
    # via jupyterlab-server
    # via langchain-core
    # via marshmallow
    # via matplotlib
    # via nbconvert
    # via onnxruntime
    # via plotly
pandocfilters==1.5.1
    # via nbconvert
parso==0.8.4
    # via jedi
pillow==10.4.0
    # via matplotlib
platformdirs==4.3.6
    # via jupyter-core
plotly==5.24.1
    # via rag-langchain
posthog==3.6.6
    # via chromadb
prometheus-client==0.20.0
    # via jupyter-server
prompt-toolkit==3.0.47
    # via ipython
    # via jupyter-console
protobuf==4.25.5
    # via googleapis-common-protos
    # via onnxruntime
    # via opentelemetry-proto
psutil==6.0.0
    # via ipykernel
pure-eval==0.2.3
    # via stack-data
pyasn1==0.6.1
    # via pyasn1-modules
    # via rsa
pyasn1-modules==0.4.1
    # via google-auth
pycparser==2.22
    # via cffi
pydantic==2.9.2
    # via chromadb
    # via fastapi
    # via langchain
    # via langchain-core
    # via langsmith
    # via openai
    # via pydantic-settings
pydantic-core==2.23.4
    # via pydantic
pydantic-settings==2.5.2
    # via langchain-community
pygments==2.18.0
    # via ipython
    # via jupyter-console
    # via nbconvert
    # via rich
pygraphviz==1.13
    # via rag-langchain
pyparsing==3.1.4
    # via matplotlib
pypika==0.48.9
    # via chromadb
pyproject-hooks==1.1.0
    # via build
pyreadline3==3.5.4
    # via humanfriendly
python-dateutil==2.9.0.post0
    # via arrow
    # via jupyter-client
    # via kubernetes
    # via matplotlib
    # via posthog
python-dotenv==1.0.1
    # via pydantic-settings
    # via rag-langchain
    # via uvicorn
python-json-logger==2.0.7
    # via jupyter-events
pywin32==306
    # via jupyter-core
pywinpty==2.0.13
    # via jupyter-server
    # via jupyter-server-terminals
    # via terminado
pyyaml==6.0.2
    # via chromadb
    # via huggingface-hub
    # via jupyter-events
    # via kubernetes
    # via langchain
    # via langchain-community
    # via langchain-core
    # via uvicorn
pyzmq==26.2.0
    # via ipykernel
    # via jupyter-client
    # via jupyter-console
    # via jupyter-server
referencing==0.35.1
    # via jsonschema
    # via jsonschema-specifications
    # via jupyter-events
regex==2024.9.11
    # via tiktoken
requests==2.32.3
    # via huggingface-hub
    # via jupyterlab-server
    # via kubernetes
    # via langchain
    # via langchain-community
    # via langsmith
    # via posthog
    # via requests-oauthlib
    # via tavily-python
    # via tiktoken
requests-oauthlib==2.0.0
    # via kubernetes
rfc3339-validator==0.1.4
    # via jsonschema
    # via jupyter-events
rfc3986-validator==0.1.1
    # via jsonschema
    # via jupyter-events
rich==13.8.1
    # via chromadb
    # via typer
rpds-py==0.20.0
    # via jsonschema
    # via referencing
rsa==4.9
    # via google-auth
send2trash==1.8.3
    # via jupyter-server
setuptools==75.1.0
    # via jupyterlab
    # via opentelemetry-instrumentation
    # via zope-interface
shellingham==1.5.4
    # via typer
six==1.16.0
    # via asttokens
    # via bleach
    # via kubernetes
    # via posthog
    # via python-dateutil
    # via rfc3339-validator
smmap==5.0.1
    # via gitdb
sniffio==1.3.1
    # via anyio
    # via httpx
    # via openai
soupsieve==2.6
    # via beautifulsoup4
sqlalchemy==2.0.35
    # via langchain
    # via langchain-community
stack-data==0.6.3
    # via ipython
starlette==0.38.5
    # via fastapi
sympy==1.13.3
    # via onnxruntime
tavily-python==0.5.0
    # via rag-langchain
tenacity==8.5.0
    # via chromadb
    # via langchain
    # via langchain-community
    # via langchain-core
    # via plotly
terminado==0.18.1
    # via jupyter-server
    # via jupyter-server-terminals
tiktoken==0.7.0
    # via langchain-openai
    # via tavily-python
tinycss2==1.3.0
    # via nbconvert
tokenizers==0.20.0
    # via chromadb
tornado==6.4.1
    # via ipykernel
    # via jupyter-client
    # via jupyter-server
    # via jupyterlab
    # via notebook
    # via terminado
tqdm==4.66.5
    # via chromadb
    # via huggingface-hub
    # via openai
traitlets==5.14.3
    # via comm
    # via ipykernel
    # via ipython
    # via ipywidgets
    # via jupyter-client
    # via jupyter-console
    # via jupyter-core
    # via jupyter-events
    # via jupyter-server
    # via jupyterlab
    # via matplotlib-inline
    # via nbclient
    # via nbconvert
    # via nbformat
typer==0.12.5
    # via chromadb
types-python-dateutil==2.9.0.20240906
    # via arrow
typing-extensions==4.12.2
    # via chromadb
    # via fastapi
    # via huggingface-hub
    # via langchain-core
    # via openai
    # via opentelemetry-sdk
    # via pydantic
    # via pydantic-core
    # via sqlalchemy
    # via typer
    # via typing-inspect
typing-inspect==0.9.0
    # via dataclasses-json
uri-template==1.3.0
    # via jsonschema
urllib3==2.2.3
    # via kubernetes
    # via requests
uvicorn==0.30.6
    # via chromadb
vcversioner==2.16.0.0
    # via betterpath
watchfiles==0.24.0
    # via uvicorn
wcwidth==0.2.13
    # via prompt-toolkit
webcolors==24.8.0
    # via jsonschema
webencodings==0.5.1
    # via bleach
    # via tinycss2
websocket-client==1.8.0
    # via jupyter-server
    # via kubernetes
websockets==13.0.1
    # via uvicorn
widgetsnbextension==4.0.13
    # via ipywidgets
wrapt==1.16.0
    # via deprecated
    # via opentelemetry-instrumentation
yarl==1.11.1
    # via aiohttp
zipp==3.20.2
    # via importlib-metadata
zope-interface==7.0.3
    # via betterpath
